{
    "version": 3,
    "terraform_version": "0.11.6",
    "serial": 23,
    "lineage": "7f88727e-965d-c8fd-12ab-155d13ff00c6",
    "modules": [
        {
            "path": [
                "root"
            ],
            "outputs": {
                "aws_ami": {
                    "sensitive": false,
                    "type": "string",
                    "value": "ami-493f2f29"
                },
                "ipaddress": {
                    "sensitive": false,
                    "type": "list",
                    "value": [
                        "13.56.251.85",
                        "13.57.238.30"
                    ]
                }
            },
            "resources": {
                "aws_instance.dev.0": {
                    "type": "aws_instance",
                    "depends_on": [
                        "aws_security_group.dev",
                        "data.aws_ami.ubuntu"
                    ],
                    "primary": {
                        "id": "i-0e364e3b975331d3e",
                        "attributes": {
                            "ami": "ami-493f2f29",
                            "associate_public_ip_address": "true",
                            "availability_zone": "us-west-1c",
                            "disable_api_termination": "false",
                            "ebs_block_device.#": "0",
                            "ebs_optimized": "false",
                            "ephemeral_block_device.#": "0",
                            "get_password_data": "false",
                            "iam_instance_profile": "",
                            "id": "i-0e364e3b975331d3e",
                            "instance_state": "running",
                            "instance_type": "t2.micro",
                            "ipv6_addresses.#": "0",
                            "key_name": "zox",
                            "monitoring": "false",
                            "network_interface.#": "0",
                            "network_interface_id": "eni-038489774dbb51325",
                            "password_data": "",
                            "placement_group": "",
                            "primary_network_interface_id": "eni-038489774dbb51325",
                            "private_dns": "ip-172-31-23-201.us-west-1.compute.internal",
                            "private_ip": "172.31.23.201",
                            "public_dns": "ec2-13-56-251-85.us-west-1.compute.amazonaws.com",
                            "public_ip": "13.56.251.85",
                            "root_block_device.#": "1",
                            "root_block_device.0.delete_on_termination": "true",
                            "root_block_device.0.iops": "100",
                            "root_block_device.0.volume_id": "vol-069bce5fbcb12e541",
                            "root_block_device.0.volume_size": "30",
                            "root_block_device.0.volume_type": "gp2",
                            "security_groups.#": "1",
                            "security_groups.1317755016": "zox-ec2-dev",
                            "source_dest_check": "true",
                            "subnet_id": "subnet-ba2bc3dd",
                            "tags.%": "1",
                            "tags.Name": "zox0",
                            "tenancy": "default",
                            "user_data": "c4fe163e96ee8110bda60001d9f221962acfc9df",
                            "volume_tags.%": "1",
                            "volume_tags.Name": "volume for dev server",
                            "vpc_security_group_ids.#": "1",
                            "vpc_security_group_ids.2685160086": "sg-040ddb804233cd9f8"
                        },
                        "meta": {
                            "e2bfb730-ecaa-11e6-8f88-34363bc7c4c0": {
                                "create": 600000000000,
                                "delete": 1200000000000,
                                "update": 600000000000
                            },
                            "schema_version": "1"
                        },
                        "tainted": false
                    },
                    "deposed": [],
                    "provider": "provider.aws"
                },
                "aws_instance.dev.1": {
                    "type": "aws_instance",
                    "depends_on": [
                        "aws_security_group.dev",
                        "data.aws_ami.ubuntu"
                    ],
                    "primary": {
                        "id": "i-0a894f4afc07f889b",
                        "attributes": {
                            "ami": "ami-493f2f29",
                            "associate_public_ip_address": "true",
                            "availability_zone": "us-west-1c",
                            "disable_api_termination": "false",
                            "ebs_block_device.#": "0",
                            "ebs_optimized": "false",
                            "ephemeral_block_device.#": "0",
                            "get_password_data": "false",
                            "iam_instance_profile": "",
                            "id": "i-0a894f4afc07f889b",
                            "instance_state": "running",
                            "instance_type": "t2.micro",
                            "ipv6_addresses.#": "0",
                            "key_name": "zox",
                            "monitoring": "false",
                            "network_interface.#": "0",
                            "network_interface_id": "eni-0def7a652558a6791",
                            "password_data": "",
                            "placement_group": "",
                            "primary_network_interface_id": "eni-0def7a652558a6791",
                            "private_dns": "ip-172-31-26-129.us-west-1.compute.internal",
                            "private_ip": "172.31.26.129",
                            "public_dns": "ec2-13-57-238-30.us-west-1.compute.amazonaws.com",
                            "public_ip": "13.57.238.30",
                            "root_block_device.#": "1",
                            "root_block_device.0.delete_on_termination": "true",
                            "root_block_device.0.iops": "100",
                            "root_block_device.0.volume_id": "vol-005fadaf0ee0ad9f9",
                            "root_block_device.0.volume_size": "30",
                            "root_block_device.0.volume_type": "gp2",
                            "security_groups.#": "1",
                            "security_groups.1317755016": "zox-ec2-dev",
                            "source_dest_check": "true",
                            "subnet_id": "subnet-ba2bc3dd",
                            "tags.%": "1",
                            "tags.Name": "zox1",
                            "tenancy": "default",
                            "user_data": "c4fe163e96ee8110bda60001d9f221962acfc9df",
                            "volume_tags.%": "1",
                            "volume_tags.Name": "volume for dev server",
                            "vpc_security_group_ids.#": "1",
                            "vpc_security_group_ids.2685160086": "sg-040ddb804233cd9f8"
                        },
                        "meta": {
                            "e2bfb730-ecaa-11e6-8f88-34363bc7c4c0": {
                                "create": 600000000000,
                                "delete": 1200000000000,
                                "update": 600000000000
                            },
                            "schema_version": "1"
                        },
                        "tainted": false
                    },
                    "deposed": [],
                    "provider": "provider.aws"
                },
                "aws_key_pair.zox": {
                    "type": "aws_key_pair",
                    "depends_on": [],
                    "primary": {
                        "id": "zox",
                        "attributes": {
                            "id": "zox",
                            "key_name": "zox",
                            "public_key": "ssh-rsa AAAAB3NzaC1yc2EAAAADAQABAAACAQDCIOGtQ7h+Z4j/Y6dDFu3txft/wwQartEdJJtz3u1lffjy2qf2sCuPWoEMyzj/pizHSE2wtvGy1JUycboWc9xey5nvyxwe31y8vHIZdxtXVYbWHHy2AK6k0EY8Emc/EdIsV5M+Jpk8XQdJQMWqvJND5tR2KPR2XAtFD4WwRK8IFaE4FaW9I4G7OmllI8PfhqibfzdmEY8xtCsKCI6X7khUHRLqNEgMpb1EueETZXPXbQfsGQ8+UpJ2q0eim1/Dnkd+u1C0+WWTSrUN9b5xW0bamMcGLfCnCHy/5AmM8/JNejKqmHldWA01fklxkf4q/e7UlTFK9WGj8omRE56zB1OJyl2hGmE3evLIhnKz2SI9mV7BYIu6EJeW8XSiIOAri3IRL6joWnT3KdNUrjFCc7fmD8flE178KvLM1gReB8Dd0B9Pd/M/CfL63BUrpADHS8FCDNsmB03EAkAjVy+fO4o99fgV+3z6sSA1S5SojgNMDztcNfZB27+6xk2fpK4GTYGzvVYTjpLZuLkBwTtAASizX3sXQ3EAf5cyV7XYs5CajoAIAhIavo24G64lLKd0II0q+qL8P+aKqUUjFjlOjXWY5aishsVC3bXeOB5mLxAM11R5DZfLutz1UJOeaQh/VXqoe4zxvEYh/xfA90tDNC4k6mI9QTOAGO6ZHRDU9gt5Kw== zox key"
                        },
                        "meta": {
                            "schema_version": "1"
                        },
                        "tainted": false
                    },
                    "deposed": [],
                    "provider": "provider.aws"
                },
                "aws_security_group.dev": {
                    "type": "aws_security_group",
                    "depends_on": [],
                    "primary": {
                        "id": "sg-040ddb804233cd9f8",
                        "attributes": {
                            "arn": "arn:aws:ec2:us-west-1:605481149499:security-group/sg-040ddb804233cd9f8",
                            "description": "Created by Shailender Choudhary",
                            "egress.#": "1",
                            "egress.482069346.cidr_blocks.#": "1",
                            "egress.482069346.cidr_blocks.0": "0.0.0.0/0",
                            "egress.482069346.description": "",
                            "egress.482069346.from_port": "0",
                            "egress.482069346.ipv6_cidr_blocks.#": "0",
                            "egress.482069346.prefix_list_ids.#": "0",
                            "egress.482069346.protocol": "-1",
                            "egress.482069346.security_groups.#": "0",
                            "egress.482069346.self": "false",
                            "egress.482069346.to_port": "0",
                            "id": "sg-040ddb804233cd9f8",
                            "ingress.#": "4",
                            "ingress.2214680975.cidr_blocks.#": "1",
                            "ingress.2214680975.cidr_blocks.0": "0.0.0.0/0",
                            "ingress.2214680975.description": "",
                            "ingress.2214680975.from_port": "80",
                            "ingress.2214680975.ipv6_cidr_blocks.#": "0",
                            "ingress.2214680975.protocol": "tcp",
                            "ingress.2214680975.security_groups.#": "0",
                            "ingress.2214680975.self": "false",
                            "ingress.2214680975.to_port": "80",
                            "ingress.2541437006.cidr_blocks.#": "1",
                            "ingress.2541437006.cidr_blocks.0": "0.0.0.0/0",
                            "ingress.2541437006.description": "",
                            "ingress.2541437006.from_port": "22",
                            "ingress.2541437006.ipv6_cidr_blocks.#": "0",
                            "ingress.2541437006.protocol": "tcp",
                            "ingress.2541437006.security_groups.#": "0",
                            "ingress.2541437006.self": "false",
                            "ingress.2541437006.to_port": "22",
                            "ingress.2617001939.cidr_blocks.#": "1",
                            "ingress.2617001939.cidr_blocks.0": "0.0.0.0/0",
                            "ingress.2617001939.description": "",
                            "ingress.2617001939.from_port": "443",
                            "ingress.2617001939.ipv6_cidr_blocks.#": "0",
                            "ingress.2617001939.protocol": "tcp",
                            "ingress.2617001939.security_groups.#": "0",
                            "ingress.2617001939.self": "false",
                            "ingress.2617001939.to_port": "443",
                            "ingress.3371188904.cidr_blocks.#": "1",
                            "ingress.3371188904.cidr_blocks.0": "0.0.0.0/0",
                            "ingress.3371188904.description": "",
                            "ingress.3371188904.from_port": "10050",
                            "ingress.3371188904.ipv6_cidr_blocks.#": "0",
                            "ingress.3371188904.protocol": "tcp",
                            "ingress.3371188904.security_groups.#": "0",
                            "ingress.3371188904.self": "false",
                            "ingress.3371188904.to_port": "10050",
                            "name": "zox-ec2-dev",
                            "owner_id": "605481149499",
                            "revoke_rules_on_delete": "false",
                            "tags.%": "1",
                            "tags.Name": "zox-ec2-dev",
                            "vpc_id": "vpc-1e2f677a"
                        },
                        "meta": {
                            "e2bfb730-ecaa-11e6-8f88-34363bc7c4c0": {
                                "create": 600000000000,
                                "delete": 600000000000
                            },
                            "schema_version": "1"
                        },
                        "tainted": false
                    },
                    "deposed": [],
                    "provider": "provider.aws"
                },
                "data.aws_ami.ubuntu": {
                    "type": "aws_ami",
                    "depends_on": [],
                    "primary": {
                        "id": "ami-493f2f29",
                        "attributes": {
                            "architecture": "x86_64",
                            "block_device_mappings.#": "3",
                            "block_device_mappings.1634610537.device_name": "/dev/sdb",
                            "block_device_mappings.1634610537.ebs.%": "0",
                            "block_device_mappings.1634610537.no_device": "",
                            "block_device_mappings.1634610537.virtual_name": "ephemeral0",
                            "block_device_mappings.2547816212.device_name": "/dev/sda1",
                            "block_device_mappings.2547816212.ebs.%": "6",
                            "block_device_mappings.2547816212.ebs.delete_on_termination": "true",
                            "block_device_mappings.2547816212.ebs.encrypted": "false",
                            "block_device_mappings.2547816212.ebs.iops": "0",
                            "block_device_mappings.2547816212.ebs.snapshot_id": "snap-07dbae8618c0cb18d",
                            "block_device_mappings.2547816212.ebs.volume_size": "8",
                            "block_device_mappings.2547816212.ebs.volume_type": "gp2",
                            "block_device_mappings.2547816212.no_device": "",
                            "block_device_mappings.2547816212.virtual_name": "",
                            "block_device_mappings.3850042718.device_name": "/dev/sdc",
                            "block_device_mappings.3850042718.ebs.%": "0",
                            "block_device_mappings.3850042718.no_device": "",
                            "block_device_mappings.3850042718.virtual_name": "ephemeral1",
                            "creation_date": "2018-04-05T19:29:54.000Z",
                            "description": "Canonical, Ubuntu, 16.04 LTS, amd64 xenial image build on 2018-04-05",
                            "filter.#": "2",
                            "filter.1585153008.name": "name",
                            "filter.1585153008.values.#": "1",
                            "filter.1585153008.values.0": "ubuntu/images/hvm-ssd/ubuntu-xenial-16.04-amd64-server-*",
                            "filter.490168357.name": "virtualization-type",
                            "filter.490168357.values.#": "1",
                            "filter.490168357.values.0": "hvm",
                            "hypervisor": "xen",
                            "id": "ami-493f2f29",
                            "image_id": "ami-493f2f29",
                            "image_location": "099720109477/ubuntu/images/hvm-ssd/ubuntu-xenial-16.04-amd64-server-20180405",
                            "image_type": "machine",
                            "most_recent": "true",
                            "name": "ubuntu/images/hvm-ssd/ubuntu-xenial-16.04-amd64-server-20180405",
                            "owner_id": "099720109477",
                            "owners.#": "1",
                            "owners.0": "099720109477",
                            "product_codes.#": "0",
                            "public": "true",
                            "root_device_name": "/dev/sda1",
                            "root_device_type": "ebs",
                            "root_snapshot_id": "snap-07dbae8618c0cb18d",
                            "sriov_net_support": "simple",
                            "state": "available",
                            "state_reason.%": "2",
                            "state_reason.code": "UNSET",
                            "state_reason.message": "UNSET",
                            "tags.%": "0",
                            "virtualization_type": "hvm"
                        },
                        "meta": {},
                        "tainted": false
                    },
                    "deposed": [],
                    "provider": "provider.aws"
                }
            },
            "depends_on": []
        }
    ]
}
